// !$*UTF8*$!
{
	archiveVersion = 1;
	classes = {
	};
	objectVersion = 46;
	objects = {

/* Begin PBXBuildFile section */
		FADDA0001B84142E0016F488 /* main.m in Sources */ = {isa = PBXBuildFile; fileRef = FADD9FFF1B84142E0016F488 /* main.m */; };
		FADDA0031B84142E0016F488 /* AppDelegate.m in Sources */ = {isa = PBXBuildFile; fileRef = FADDA0021B84142E0016F488 /* AppDelegate.m */; };
		FADDA0061B84142E0016F488 /* ViewController.m in Sources */ = {isa = PBXBuildFile; fileRef = FADDA0051B84142E0016F488 /* ViewController.m */; };
		FADDA0091B84142E0016F488 /* Main.storyboard in Resources */ = {isa = PBXBuildFile; fileRef = FADDA0071B84142E0016F488 /* Main.storyboard */; };
		FADDA00B1B84142E0016F488 /* Images.xcassets in Resources */ = {isa = PBXBuildFile; fileRef = FADDA00A1B84142E0016F488 /* Images.xcassets */; };
		FADDA00E1B84142E0016F488 /* LaunchScreen.xib in Resources */ = {isa = PBXBuildFile; fileRef = FADDA00C1B84142E0016F488 /* LaunchScreen.xib */; };
		FADDA01A1B84142E0016F488 /* LPPageScrollViewTests.m in Sources */ = {isa = PBXBuildFile; fileRef = FADDA0191B84142E0016F488 /* LPPageScrollViewTests.m */; };
		FADDA0251B841BF70016F488 /* LPPageScrollView.m in Sources */ = {isa = PBXBuildFile; fileRef = FADDA0241B841BF70016F488 /* LPPageScrollView.m */; };
		FAEA596E1B8580AB006B62DC /* fire_balloon.png in Resources */ = {isa = PBXBuildFile; fileRef = FAEA596B1B8580AB006B62DC /* fire_balloon.png */; };
		FAEA596F1B8580AB006B62DC /* profile.png in Resources */ = {isa = PBXBuildFile; fileRef = FAEA596C1B8580AB006B62DC /* profile.png */; };
		FAEA59701B8580AB006B62DC /* screen.png in Resources */ = {isa = PBXBuildFile; fileRef = FAEA596D1B8580AB006B62DC /* screen.png */; };
/* End PBXBuildFile section */

/* Begin PBXContainerItemProxy section */
		FADDA0141B84142E0016F488 /* PBXContainerItemProxy */ = {
			isa = PBXContainerItemProxy;
			containerPortal = FADD9FF21B84142E0016F488 /* Project object */;
			proxyType = 1;
			remoteGlobalIDString = FADD9FF91B84142E0016F488;
			remoteInfo = LPPageScrollView;
		};
/* End PBXContainerItemProxy section */

/* Begin PBXFileReference section */
		FADD9FFA1B84142E0016F488 /* LPPageScrollView.app */ = {isa = PBXFileReference; explicitFileType = wrapper.application; includeInIndex = 0; path = LPPageScrollView.app; sourceTree = BUILT_PRODUCTS_DIR; };
		FADD9FFE1B84142E0016F488 /* Info.plist */ = {isa = PBXFileReference; lastKnownFileType = text.plist.xml; path = Info.plist; sourceTree = "<group>"; };
		FADD9FFF1B84142E0016F488 /* main.m */ = {isa = PBXFileReference; lastKnownFileType = sourcecode.c.objc; path = main.m; sourceTree = "<group>"; };
		FADDA0011B84142E0016F488 /* AppDelegate.h */ = {isa = PBXFileReference; lastKnownFileType = sourcecode.c.h; name = AppDelegate.h; path = LPPageScrollView/AppDelegate.h; sourceTree = "<group>"; };
		FADDA0021B84142E0016F488 /* AppDelegate.m */ = {isa = PBXFileReference; lastKnownFileType = sourcecode.c.objc; name = AppDelegate.m; path = LPPageScrollView/AppDelegate.m; sourceTree = "<group>"; };
		FADDA0041B84142E0016F488 /* ViewController.h */ = {isa = PBXFileReference; lastKnownFileType = sourcecode.c.h; name = ViewController.h; path = LPPageScrollView/ViewController.h; sourceTree = "<group>"; };
		FADDA0051B84142E0016F488 /* ViewController.m */ = {isa = PBXFileReference; lastKnownFileType = sourcecode.c.objc; name = ViewController.m; path = LPPageScrollView/ViewController.m; sourceTree = "<group>"; };
		FADDA0081B84142E0016F488 /* Base */ = {isa = PBXFileReference; lastKnownFileType = file.storyboard; name = Base; path = Base.lproj/Main.storyboard; sourceTree = "<group>"; };
		FADDA00A1B84142E0016F488 /* Images.xcassets */ = {isa = PBXFileReference; lastKnownFileType = folder.assetcatalog; name = Images.xcassets; path = LPPageScrollView/Images.xcassets; sourceTree = "<group>"; };
		FADDA00D1B84142E0016F488 /* Base */ = {isa = PBXFileReference; lastKnownFileType = file.xib; name = Base; path = Base.lproj/LaunchScreen.xib; sourceTree = "<group>"; };
		FADDA0131B84142E0016F488 /* LPPageScrollViewTests.xctest */ = {isa = PBXFileReference; explicitFileType = wrapper.cfbundle; includeInIndex = 0; path = LPPageScrollViewTests.xctest; sourceTree = BUILT_PRODUCTS_DIR; };
		FADDA0181B84142E0016F488 /* Info.plist */ = {isa = PBXFileReference; lastKnownFileType = text.plist.xml; path = Info.plist; sourceTree = "<group>"; };
		FADDA0191B84142E0016F488 /* LPPageScrollViewTests.m */ = {isa = PBXFileReference; lastKnownFileType = sourcecode.c.objc; path = LPPageScrollViewTests.m; sourceTree = "<group>"; };
		FADDA0231B841BF70016F488 /* LPPageScrollView.h */ = {isa = PBXFileReference; fileEncoding = 4; lastKnownFileType = sourcecode.c.h; path = LPPageScrollView.h; sourceTree = "<group>"; };
		FADDA0241B841BF70016F488 /* LPPageScrollView.m */ = {isa = PBXFileReference; fileEncoding = 4; lastKnownFileType = sourcecode.c.objc; path = LPPageScrollView.m; sourceTree = "<group>"; };
		FAEA596B1B8580AB006B62DC /* fire_balloon.png */ = {isa = PBXFileReference; lastKnownFileType = image.png; name = fire_balloon.png; path = LPPageScrollView/fire_balloon.png; sourceTree = "<group>"; };
		FAEA596C1B8580AB006B62DC /* profile.png */ = {isa = PBXFileReference; lastKnownFileType = image.png; name = profile.png; path = LPPageScrollView/profile.png; sourceTree = "<group>"; };
		FAEA596D1B8580AB006B62DC /* screen.png */ = {isa = PBXFileReference; lastKnownFileType = image.png; name = screen.png; path = LPPageScrollView/screen.png; sourceTree = "<group>"; };
/* End PBXFileReference section */

/* Begin PBXFrameworksBuildPhase section */
		FADD9FF71B84142E0016F488 /* Frameworks */ = {
			isa = PBXFrameworksBuildPhase;
			buildActionMask = 2147483647;
			files = (
			);
			runOnlyForDeploymentPostprocessing = 0;
		};
		FADDA0101B84142E0016F488 /* Frameworks */ = {
			isa = PBXFrameworksBuildPhase;
			buildActionMask = 2147483647;
			files = (
			);
			runOnlyForDeploymentPostprocessing = 0;
		};
/* End PBXFrameworksBuildPhase section */

/* Begin PBXGroup section */
		FADD9FF11B84142E0016F488 = {
			isa = PBXGroup;
			children = (
				FADD9FFC1B84142E0016F488 /* LPPageScrollView */,
				FADDA0011B84142E0016F488 /* AppDelegate.h */,
				FADDA0021B84142E0016F488 /* AppDelegate.m */,
				FADDA0041B84142E0016F488 /* ViewController.h */,
				FADDA0051B84142E0016F488 /* ViewController.m */,
				FADDA0071B84142E0016F488 /* Main.storyboard */,
				FADDA00A1B84142E0016F488 /* Images.xcassets */,
				FADDA00C1B84142E0016F488 /* LaunchScreen.xib */,
				FAEA59711B8580BA006B62DC /* Images */,
				FADD9FFD1B84142E0016F488 /* Supporting Files */,
				FADDA0161B84142E0016F488 /* LPPageScrollViewTests */,
				FADD9FFB1B84142E0016F488 /* Products */,
			);
			sourceTree = "<group>";
		};
		FADD9FFB1B84142E0016F488 /* Products */ = {
			isa = PBXGroup;
			children = (
				FADD9FFA1B84142E0016F488 /* LPPageScrollView.app */,
				FADDA0131B84142E0016F488 /* LPPageScrollViewTests.xctest */,
			);
			name = Products;
			sourceTree = "<group>";
		};
		FADD9FFC1B84142E0016F488 /* LPPageScrollView */ = {
			isa = PBXGroup;
			children = (
				FADDA0231B841BF70016F488 /* LPPageScrollView.h */,
				FADDA0241B841BF70016F488 /* LPPageScrollView.m */,
			);
			path = LPPageScrollView;
			sourceTree = "<group>";
		};
		FADD9FFD1B84142E0016F488 /* Supporting Files */ = {
			isa = PBXGroup;
			children = (
				FADD9FFE1B84142E0016F488 /* Info.plist */,
				FADD9FFF1B84142E0016F488 /* main.m */,
			);
			name = "Supporting Files";
			path = LPPageScrollView;
			sourceTree = "<group>";
		};
		FADDA0161B84142E0016F488 /* LPPageScrollViewTests */ = {
			isa = PBXGroup;
			children = (
				FADDA0191B84142E0016F488 /* LPPageScrollViewTests.m */,
				FADDA0171B84142E0016F488 /* Supporting Files */,
			);
			path = LPPageScrollViewTests;
			sourceTree = "<group>";
		};
		FADDA0171B84142E0016F488 /* Supporting Files */ = {
			isa = PBXGroup;
			children = (
				FADDA0181B84142E0016F488 /* Info.plist */,
			);
			name = "Supporting Files";
			sourceTree = "<group>";
		};
		FAEA59711B8580BA006B62DC /* Images */ = {
			isa = PBXGroup;
			children = (
				FAEA596B1B8580AB006B62DC /* fire_balloon.png */,
				FAEA596C1B8580AB006B62DC /* profile.png */,
				FAEA596D1B8580AB006B62DC /* screen.png */,
			);
			name = Images;
			sourceTree = "<group>";
		};
/* End PBXGroup section */

/* Begin PBXNativeTarget section */
		FADD9FF91B84142E0016F488 /* LPPageScrollView */ = {
			isa = PBXNativeTarget;
			buildConfigurationList = FADDA01D1B84142E0016F488 /* Build configuration list for PBXNativeTarget "LPPageScrollView" */;
			buildPhases = (
				FADD9FF61B84142E0016F488 /* Sources */,
				FADD9FF71B84142E0016F488 /* Frameworks */,
				FADD9FF81B84142E0016F488 /* Resources */,
			);
			buildRules = (
			);
			dependencies = (
			);
			name = LPPageScrollView;
			productName = LPPageScrollView;
			productReference = FADD9FFA1B84142E0016F488 /* LPPageScrollView.app */;
			productType = "com.apple.product-type.application";
		};
		FADDA0121B84142E0016F488 /* LPPageScrollViewTests */ = {
			isa = PBXNativeTarget;
			buildConfigurationList = FADDA0201B84142E0016F488 /* Build configuration list for PBXNativeTarget "LPPageScrollViewTests" */;
			buildPhases = (
				FADDA00F1B84142E0016F488 /* Sources */,
				FADDA0101B84142E0016F488 /* Frameworks */,
				FADDA0111B84142E0016F488 /* Resources */,
			);
			buildRules = (
			);
			dependencies = (
				FADDA0151B84142E0016F488 /* PBXTargetDependency */,
			);
			name = LPPageScrollViewTests;
			productName = LPPageScrollViewTests;
			productReference = FADDA0131B84142E0016F488 /* LPPageScrollViewTests.xctest */;
			productType = "com.apple.product-type.bundle.unit-test";
		};
/* End PBXNativeTarget section */

/* Begin PBXProject section */
		FADD9FF21B84142E0016F488 /* Project object */ = {
			isa = PBXProject;
			attributes = {
				LastUpgradeCheck = 0640;
				ORGANIZATIONNAME = LiPeng;
				TargetAttributes = {
					FADD9FF91B84142E0016F488 = {
						CreatedOnToolsVersion = 6.4;
					};
					FADDA0121B84142E0016F488 = {
						CreatedOnToolsVersion = 6.4;
						TestTargetID = FADD9FF91B84142E0016F488;
					};
				};
			};
			buildConfigurationList = FADD9FF51B84142E0016F488 /* Build configuration list for PBXProject "LPPageScrollView" */;
			compatibilityVersion = "Xcode 3.2";
			developmentRegion = English;
			hasScannedForEncodings = 0;
			knownRegions = (
				en,
				Base,
			);
			mainGroup = FADD9FF11B84142E0016F488;
			productRefGroup = FADD9FFB1B84142E0016F488 /* Products */;
			projectDirPath = "";
			projectRoot = "";
			targets = (
				FADD9FF91B84142E0016F488 /* LPPageScrollView */,
				FADDA0121B84142E0016F488 /* LPPageScrollViewTests */,
			);
		};
/* End PBXProject section */

/* Begin PBXResourcesBuildPhase section */
		FADD9FF81B84142E0016F488 /* Resources */ = {
			isa = PBXResourcesBuildPhase;
			buildActionMask = 2147483647;
			files = (
				FADDA0091B84142E0016F488 /* Main.storyboard in Resources */,
				FAEA59701B8580AB006B62DC /* screen.png in Resources */,
				FADDA00E1B84142E0016F488 /* LaunchScreen.xib in Resources */,
				FADDA00B1B84142E0016F488 /* Images.xcassets in Resources */,
				FAEA596F1B8580AB006B62DC /* profile.png in Resources */,
				FAEA596E1B8580AB006B62DC /* fire_balloon.png in Resources */,
			);
			runOnlyForDeploymentPostprocessing = 0;
		};
		FADDA0111B84142E0016F488 /* Resources */ = {
			isa = PBXResourcesBuildPhase;
			buildActionMask = 2147483647;
			files = (
			);
			runOnlyForDeploymentPostprocessing = 0;
		};
/* End PBXResourcesBuildPhase section */

/* Begin PBXSourcesBuildPhase section */
		FADD9FF61B84142E0016F488 /* Sources */ = {
			isa = PBXSourcesBuildPhase;
			buildActionMask = 2147483647;
			files = (
				FADDA0251B841BF70016F488 /* LPPageScrollView.m in Sources */,
				FADDA0061B84142E0016F488 /* ViewController.m in Sources */,
				FADDA0031B84142E0016F488 /* AppDelegate.m in Sources */,
				FADDA0001B84142E0016F488 /* main.m in Sources */,
			);
			runOnlyForDeploymentPostprocessing = 0;
		};
		FADDA00F1B84142E0016F488 /* Sources */ = {
			isa = PBXSourcesBuildPhase;
			buildActionMask = 2147483647;
			files = (
				FADDA01A1B84142E0016F488 /* LPPageScrollViewTests.m in Sources */,
			);
			runOnlyForDeploymentPostprocessing = 0;
		};
/* End PBXSourcesBuildPhase section */

/* Begin PBXTargetDependency section */
		FADDA0151B84142E0016F488 /* PBXTargetDependency */ = {
			isa = PBXTargetDependency;
			target = FADD9FF91B84142E0016F488 /* LPPageScrollView */;
			targetProxy = FADDA0141B84142E0016F488 /* PBXContainerItemProxy */;
		};
/* End PBXTargetDependency section */

/* Begin PBXVariantGroup section */
		FADDA0071B84142E0016F488 /* Main.storyboard */ = {
			isa = PBXVariantGroup;
			children = (
				FADDA0081B84142E0016F488 /* Base */,
			);
			name = Main.storyboard;
			path = LPPageScrollView;
			sourceTree = "<group>";
		};
		FADDA00C1B84142E0016F488 /* LaunchScreen.xib */ = {
			isa = PBXVariantGroup;
			children = (
				FADDA00D1B84142E0016F488 /* Base */,
			);
			name = LaunchScreen.xib;
			path = LPPageScrollView;
			sourceTree = "<group>";
		};
/* End PBXVariantGroup section */

/* Begin XCBuildConfiguration section */
		FADDA01B1B84142E0016F488 /* Debug */ = {
			isa = XCBuildConfiguration;
			buildSettings = {
				ALWAYS_SEARCH_USER_PATHS = NO;
				CLANG_CXX_LANGUAGE_STANDARD = "gnu++0x";
				CLANG_CXX_LIBRARY = "libc++";
				CLANG_ENABLE_MODULES = YES;
				CLANG_ENABLE_OBJC_ARC = YES;
				CLANG_WARN_BOOL_CONVERSION = YES;
				CLANG_WARN_CONSTANT_CONVERSION = YES;
				CLANG_WARN_DIRECT_OBJC_ISA_USAGE = YES_ERROR;
				CLANG_WARN_EMPTY_BODY = YES;
				CLANG_WARN_ENUM_CONVERSION = YES;
				CLANG_WARN_INT_CONVERSION = YES;
				CLANG_WARN_OBJC_ROOT_CLASS = YES_ERROR;
				CLANG_WARN_UNREACHABLE_CODE = YES;
				CLANG_WARN__DUPLICATE_METHOD_MATCH = YES;
				"CODE_SIGN_IDENTITY[sdk=iphoneos*]" = "iPhone Developer";
				COPY_PHASE_STRIP = NO;
				DEBUG_INFORMATION_FORMAT = "dwarf-with-dsym";
				ENABLE_STRICT_OBJC_MSGSEND = YES;
				GCC_C_LANGUAGE_STANDARD = gnu99;
				GCC_DYNAMIC_NO_PIC = NO;
				GCC_NO_COMMON_BLOCKS = YES;
				GCC_OPTIMIZATION_LEVEL = 0;
				GCC_PREPROCESSOR_DEFINITIONS = (
					"DEBUG=1",
					"$(inherited)",
				);
				GCC_SYMBOLS_PRIVATE_EXTERN = NO;
				GCC_WARN_64_TO_32_BIT_CONVERSION = YES;
				GCC_WARN_ABOUT_RETURN_TYPE = YES_ERROR;
				GCC_WARN_UNDECLARED_SELECTOR = YES;
				GCC_WARN_UNINITIALIZED_AUTOS = YES_AGGRESSIVE;
				GCC_WARN_UNUSED_FUNCTION = YES;
				GCC_WARN_UNUSED_VARIABLE = YES;
				IPHONEOS_DEPLOYMENT_TARGET = 8.4;
				MTL_ENABLE_DEBUG_INFO = YES;
				ONLY_ACTIVE_ARCH = YES;
				SDKROOT = iphoneos;
				TARGETED_DEVICE_FAMILY = "1,2";
			};
			name = Debug;
		};
		FADDA01C1B84142E0016F488 /* Release */ = {
			isa = XCBuildConfiguration;
			buildSettings = {
				ALWAYS_SEARCH_USER_PATHS = NO;
				CLANG_CXX_LANGUAGE_STANDARD = "gnu++0x";
				CLANG_CXX_LIBRARY = "libc++";
				CLANG_ENABLE_MODULES = YES;
				CLANG_ENABLE_OBJC_ARC = YES;
				CLANG_WARN_BOOL_CONVERSION = YES;
				CLANG_WARN_CONSTANT_CONVERSION = YES;
				CLANG_WARN_DIRECT_OBJC_ISA_USAGE = YES_ERROR;
				CLANG_WARN_EMPTY_BODY = YES;
				CLANG_WARN_ENUM_CONVERSION = YES;
				CLANG_WARN_INT_CONVERSION = YES;
				CLANG_WARN_OBJC_ROOT_CLASS = YES_ERROR;
				CLANG_WARN_UNREACHABLE_CODE = YES;
				CLANG_WARN__DUPLICATE_METHOD_MATCH = YES;
				"CODE_SIGN_IDENTITY[sdk=iphoneos*]" = "iPhone Developer";
				COPY_PHASE_STRIP = NO;
				DEBUG_INFORMATION_FORMAT = "dwarf-with-dsym";
				ENABLE_NS_ASSERTIONS = NO;
				ENABLE_STRICT_OBJC_MSGSEND = YES;
				GCC_C_LANGUAGE_STANDARD = gnu99;
				GCC_NO_COMMON_BLOCKS = YES;
				GCC_WARN_64_TO_32_BIT_CONVERSION = YES;
				GCC_WARN_ABOUT_RETURN_TYPE = YES_ERROR;
				GCC_WARN_UNDECLARED_SELECTOR = YES;
				GCC_WARN_UNINITIALIZED_AUTOS = YES_AGGRESSIVE;
				GCC_WARN_UNUSED_FUNCTION = YES;
				GCC_WARN_UNUSED_VARIABLE = YES;
				IPHONEOS_DEPLOYMENT_TARGET = 8.4;
				MTL_ENABLE_DEBUG_INFO = NO;
				SDKROOT = iphoneos;
				TARGETED_DEVICE_FAMILY = "1,2";
				VALIDATE_PRODUCT = YES;
			};
			name = Release;
		};
		FADDA01E1B84142E0016F488 /* Debug */ = {
			isa = XCBuildConfiguration;
			buildSettings = {
				ASSETCATALOG_COMPILER_APPICON_NAME = AppIcon;
				INFOPLIST_FILE = LPPageScrollView/Info.plist;
				LD_RUNPATH_SEARCH_PATHS = "$(inherited) @executable_path/Frameworks";
				PRODUCT_NAME = "$(TARGET_NAME)";
			};
			name = Debug;
		};
		FADDA01F1B84142E0016F488 /* Release */ = {
			isa = XCBuildConfiguration;
			buildSettings = {
				ASSETCATALOG_COMPILER_APPICON_NAME = AppIcon;
				INFOPLIST_FILE = LPPageScrollView/Info.plist;
				LD_RUNPATH_SEARCH_PATHS = "$(inherited) @executable_path/Frameworks";
				PRODUCT_NAME = "$(TARGET_NAME)";
			};
			name = Release;
		};
		FADDA0211B84142E0016F488 /* Debug */ = {
			isa = XCBuildConfiguration;
			buildSettings = {
				BUNDLE_LOADER = "$(TEST_HOST)";
				FRAMEWORK_SEARCH_PATHS = (
					"$(SDKROOT)/Developer/Library/Frameworks",
					"$(inherited)",
				);
				GCC_PREPROCESSOR_DEFINITIONS = (
					"DEBUG=1",
					"$(inherited)",
				);
				INFOPLIST_FILE = LPPageScrollViewTests/Info.plist;
				LD_RUNPATH_SEARCH_PATHS = "$(inherited) @executable_path/Frameworks @loader_path/Frameworks";
				PRODUCT_NAME = "$(TARGET_NAME)";
				TEST_HOST = "$(BUILT_PRODUCTS_DIR)/LPPageScrollView.app/LPPageScrollView";
			};
			name = Debug;
		};
		FADDA0221B84142E0016F488 /* Release */ = {
			isa = XCBuildConfiguration;
			buildSettings = {
				BUNDLE_LOADER = "$(TEST_HOST)";
				FRAMEWORK_SEARCH_PATHS = (
					"$(SDKROOT)/Developer/Library/Frameworks",
					"$(inherited)",
				);
				INFOPLIST_FILE = LPPageScrollViewTests/Info.plist;
				LD_RUNPATH_SEARCH_PATHS = "$(inherited) @executable_path/Frameworks @loader_path/Frameworks";
				PRODUCT_NAME = "$(TARGET_NAME)";
				TEST_HOST = "$(BUILT_PRODUCTS_DIR)/LPPageScrollView.app/LPPageScrollView";
			};
			name = Release;
		};
/* End XCBuildConfiguration section */

/* Begin XCConfigurationList section */
		FADD9FF51B84142E0016F488 /* Build configuration list for PBXProject "LPPageScrollView" */ = {
			isa = XCConfigurationList;
			buildConfigurations = (
				FADDA01B1B84142E0016F488 /* Debug */,
				FADDA01C1B84142E0016F488 /* Release */,
			);
			defaultConfigurationIsVisible = 0;
			defaultConfigurationName = Release;
		};
		FADDA01D1B84142E0016F488 /* Build configuration list for PBXNativeTarget "LPPageScrollView" */ = {
			isa = XCConfigurationList;
			buildConfigurations = (
				FADDA01E1B84142E0016F488 /* Debug */,
				FADDA01F1B84142E0016F488 /* Release */,
			);
			defaultConfigurationIsVisible = 0;
			defaultConfigurationName = Release;
		};
		FADDA0201B84142E0016F488 /* Build configuration list for PBXNativeTarget "LPPageScrollViewTests" */ = {
			isa = XCConfigurationList;
			buildConfigurations = (
				FADDA0211B84142E0016F488 /* Debug */,
				FADDA0221B84142E0016F488 /* Release */,
			);
			defaultConfigurationIsVisible = 0;
			defaultConfigurationName = Release;
		};
/* End XCConfigurationList section */
	};
	rootObject = FADD9FF21B84142E0016F488 /* Project object */;
}
